// !$*UTF8*$!
{
	archiveVersion = 1;
	classes = {
	};
	objectVersion = 51;
	objects = {

/* Begin PBXBuildFile section */
		2EDF70F562559DB4B7BE746F /* Pods_PrivatBankATM.framework in Frameworks */ = {isa = PBXBuildFile; fileRef = 1866BD4898A153DD31780253 /* Pods_PrivatBankATM.framework */; };
		A909923C230BDA1900E7FEDD /* Ext-SearchViewController+TableView.swift in Sources */ = {isa = PBXBuildFile; fileRef = A909923B230BDA1900E7FEDD /* Ext-SearchViewController+TableView.swift */; };
		A909923E230BE51800E7FEDD /* SearchTableViewCell.swift in Sources */ = {isa = PBXBuildFile; fileRef = A909923D230BE51800E7FEDD /* SearchTableViewCell.swift */; };
		A9099240230BF34000E7FEDD /* Ext-UIActivityIndicatorView.swift in Sources */ = {isa = PBXBuildFile; fileRef = A909923F230BF34000E7FEDD /* Ext-UIActivityIndicatorView.swift */; };
		A9099242230BFCB000E7FEDD /* SavedViewController.swift in Sources */ = {isa = PBXBuildFile; fileRef = A9099241230BFCB000E7FEDD /* SavedViewController.swift */; };
		A9099244230C00CC00E7FEDD /* Ext-SavedViewController+TableView.swift in Sources */ = {isa = PBXBuildFile; fileRef = A9099243230C00CC00E7FEDD /* Ext-SavedViewController+TableView.swift */; };
		A9099246230C015E00E7FEDD /* SavedTableViewCell.swift in Sources */ = {isa = PBXBuildFile; fileRef = A9099245230C015E00E7FEDD /* SavedTableViewCell.swift */; };
		A94C46CB230A9B4F0058511E /* AppDelegate.swift in Sources */ = {isa = PBXBuildFile; fileRef = A94C46CA230A9B4F0058511E /* AppDelegate.swift */; };
		A94C46D0230A9B4F0058511E /* Main.storyboard in Resources */ = {isa = PBXBuildFile; fileRef = A94C46CE230A9B4F0058511E /* Main.storyboard */; };
		A94C46D2230A9B560058511E /* Assets.xcassets in Resources */ = {isa = PBXBuildFile; fileRef = A94C46D1230A9B560058511E /* Assets.xcassets */; };
		A94C46D5230A9B560058511E /* LaunchScreen.storyboard in Resources */ = {isa = PBXBuildFile; fileRef = A94C46D3230A9B560058511E /* LaunchScreen.storyboard */; };
		A9790E06230AA705004A9794 /* SearchViewController.swift in Sources */ = {isa = PBXBuildFile; fileRef = A9790E05230AA705004A9794 /* SearchViewController.swift */; };
		A9790E08230AA775004A9794 /* SearchViewModel.swift in Sources */ = {isa = PBXBuildFile; fileRef = A9790E07230AA775004A9794 /* SearchViewModel.swift */; };
		A9790E0A230AA781004A9794 /* Box.swift in Sources */ = {isa = PBXBuildFile; fileRef = A9790E09230AA781004A9794 /* Box.swift */; };
		A9790E0C230AA8E5004A9794 /* Extension-SearchViewController+UISearchBarDelegate.swift in Sources */ = {isa = PBXBuildFile; fileRef = A9790E0B230AA8E5004A9794 /* Extension-SearchViewController+UISearchBarDelegate.swift */; };
		A9790E0E230AA9DA004A9794 /* NetworkManager.swift in Sources */ = {isa = PBXBuildFile; fileRef = A9790E0D230AA9DA004A9794 /* NetworkManager.swift */; };
		A9790E10230AAF9F004A9794 /* DataATM.swift in Sources */ = {isa = PBXBuildFile; fileRef = A9790E0F230AAF9F004A9794 /* DataATM.swift */; };
		A9790E13230AD0AE004A9794 /* privatDataATM.xcdatamodeld in Sources */ = {isa = PBXBuildFile; fileRef = A9790E11230AD0AE004A9794 /* privatDataATM.xcdatamodeld */; };
		A9790E15230AEC75004A9794 /* CDataATM.swift in Sources */ = {isa = PBXBuildFile; fileRef = A9790E14230AEC75004A9794 /* CDataATM.swift */; };
		A9790E17230AF589004A9794 /* StructDecoder.swift in Sources */ = {isa = PBXBuildFile; fileRef = A9790E16230AF589004A9794 /* StructDecoder.swift */; };
/* End PBXBuildFile section */

/* Begin PBXFileReference section */
		1866BD4898A153DD31780253 /* Pods_PrivatBankATM.framework */ = {isa = PBXFileReference; explicitFileType = wrapper.framework; includeInIndex = 0; path = Pods_PrivatBankATM.framework; sourceTree = BUILT_PRODUCTS_DIR; };
		275AA290E4DC525E3537B2B6 /* Pods-PrivatBankATM.release.xcconfig */ = {isa = PBXFileReference; includeInIndex = 1; lastKnownFileType = text.xcconfig; name = "Pods-PrivatBankATM.release.xcconfig"; path = "Target Support Files/Pods-PrivatBankATM/Pods-PrivatBankATM.release.xcconfig"; sourceTree = "<group>"; };
		54041DBD9D6F15245286DBEA /* Pods-PrivatBankATM.debug.xcconfig */ = {isa = PBXFileReference; includeInIndex = 1; lastKnownFileType = text.xcconfig; name = "Pods-PrivatBankATM.debug.xcconfig"; path = "Target Support Files/Pods-PrivatBankATM/Pods-PrivatBankATM.debug.xcconfig"; sourceTree = "<group>"; };
		A909923B230BDA1900E7FEDD /* Ext-SearchViewController+TableView.swift */ = {isa = PBXFileReference; lastKnownFileType = sourcecode.swift; path = "Ext-SearchViewController+TableView.swift"; sourceTree = "<group>"; };
		A909923D230BE51800E7FEDD /* SearchTableViewCell.swift */ = {isa = PBXFileReference; lastKnownFileType = sourcecode.swift; path = SearchTableViewCell.swift; sourceTree = "<group>"; };
		A909923F230BF34000E7FEDD /* Ext-UIActivityIndicatorView.swift */ = {isa = PBXFileReference; lastKnownFileType = sourcecode.swift; path = "Ext-UIActivityIndicatorView.swift"; sourceTree = "<group>"; };
		A9099241230BFCB000E7FEDD /* SavedViewController.swift */ = {isa = PBXFileReference; lastKnownFileType = sourcecode.swift; path = SavedViewController.swift; sourceTree = "<group>"; };
		A9099243230C00CC00E7FEDD /* Ext-SavedViewController+TableView.swift */ = {isa = PBXFileReference; lastKnownFileType = sourcecode.swift; path = "Ext-SavedViewController+TableView.swift"; sourceTree = "<group>"; };
		A9099245230C015E00E7FEDD /* SavedTableViewCell.swift */ = {isa = PBXFileReference; lastKnownFileType = sourcecode.swift; path = SavedTableViewCell.swift; sourceTree = "<group>"; };
		A94C46C7230A9B4F0058511E /* PrivatBankATM.app */ = {isa = PBXFileReference; explicitFileType = wrapper.application; includeInIndex = 0; path = PrivatBankATM.app; sourceTree = BUILT_PRODUCTS_DIR; };
		A94C46CA230A9B4F0058511E /* AppDelegate.swift */ = {isa = PBXFileReference; lastKnownFileType = sourcecode.swift; path = AppDelegate.swift; sourceTree = "<group>"; };
		A94C46CF230A9B4F0058511E /* Base */ = {isa = PBXFileReference; lastKnownFileType = file.storyboard; name = Base; path = Base.lproj/Main.storyboard; sourceTree = "<group>"; };
		A94C46D1230A9B560058511E /* Assets.xcassets */ = {isa = PBXFileReference; lastKnownFileType = folder.assetcatalog; path = Assets.xcassets; sourceTree = "<group>"; };
		A94C46D4230A9B560058511E /* Base */ = {isa = PBXFileReference; lastKnownFileType = file.storyboard; name = Base; path = Base.lproj/LaunchScreen.storyboard; sourceTree = "<group>"; };
		A94C46D6230A9B560058511E /* Info.plist */ = {isa = PBXFileReference; lastKnownFileType = text.plist.xml; path = Info.plist; sourceTree = "<group>"; };
		A9790E05230AA705004A9794 /* SearchViewController.swift */ = {isa = PBXFileReference; lastKnownFileType = sourcecode.swift; path = SearchViewController.swift; sourceTree = "<group>"; };
		A9790E07230AA775004A9794 /* SearchViewModel.swift */ = {isa = PBXFileReference; lastKnownFileType = sourcecode.swift; path = SearchViewModel.swift; sourceTree = "<group>"; };
		A9790E09230AA781004A9794 /* Box.swift */ = {isa = PBXFileReference; lastKnownFileType = sourcecode.swift; path = Box.swift; sourceTree = "<group>"; };
		A9790E0B230AA8E5004A9794 /* Extension-SearchViewController+UISearchBarDelegate.swift */ = {isa = PBXFileReference; lastKnownFileType = sourcecode.swift; path = "Extension-SearchViewController+UISearchBarDelegate.swift"; sourceTree = "<group>"; };
		A9790E0D230AA9DA004A9794 /* NetworkManager.swift */ = {isa = PBXFileReference; lastKnownFileType = sourcecode.swift; path = NetworkManager.swift; sourceTree = "<group>"; };
		A9790E0F230AAF9F004A9794 /* DataATM.swift */ = {isa = PBXFileReference; lastKnownFileType = sourcecode.swift; path = DataATM.swift; sourceTree = "<group>"; };
		A9790E12230AD0AE004A9794 /* privatDataATM.xcdatamodel */ = {isa = PBXFileReference; lastKnownFileType = wrapper.xcdatamodel; path = privatDataATM.xcdatamodel; sourceTree = "<group>"; };
		A9790E14230AEC75004A9794 /* CDataATM.swift */ = {isa = PBXFileReference; lastKnownFileType = sourcecode.swift; path = CDataATM.swift; sourceTree = "<group>"; };
		A9790E16230AF589004A9794 /* StructDecoder.swift */ = {isa = PBXFileReference; lastKnownFileType = sourcecode.swift; path = StructDecoder.swift; sourceTree = "<group>"; };
/* End PBXFileReference section */

/* Begin PBXFrameworksBuildPhase section */
		A94C46C4230A9B4F0058511E /* Frameworks */ = {
			isa = PBXFrameworksBuildPhase;
			buildActionMask = 2147483647;
			files = (
				2EDF70F562559DB4B7BE746F /* Pods_PrivatBankATM.framework in Frameworks */,
			);
			runOnlyForDeploymentPostprocessing = 0;
		};
/* End PBXFrameworksBuildPhase section */

/* Begin PBXGroup section */
		5E2822B8867E0FB9B0899D57 /* Pods */ = {
			isa = PBXGroup;
			children = (
				54041DBD9D6F15245286DBEA /* Pods-PrivatBankATM.debug.xcconfig */,
				275AA290E4DC525E3537B2B6 /* Pods-PrivatBankATM.release.xcconfig */,
			);
			path = Pods;
			sourceTree = "<group>";
		};
		9E36F3E347AC747725ED96A0 /* Frameworks */ = {
			isa = PBXGroup;
			children = (
				1866BD4898A153DD31780253 /* Pods_PrivatBankATM.framework */,
			);
			name = Frameworks;
			sourceTree = "<group>";
		};
		A94C46BE230A9B4F0058511E = {
			isa = PBXGroup;
			children = (
				A94C46C9230A9B4F0058511E /* PrivatBankATM */,
				A94C46C8230A9B4F0058511E /* Products */,
				5E2822B8867E0FB9B0899D57 /* Pods */,
				9E36F3E347AC747725ED96A0 /* Frameworks */,
			);
			sourceTree = "<group>";
		};
		A94C46C8230A9B4F0058511E /* Products */ = {
			isa = PBXGroup;
			children = (
				A94C46C7230A9B4F0058511E /* PrivatBankATM.app */,
			);
			name = Products;
			sourceTree = "<group>";
		};
		A94C46C9230A9B4F0058511E /* PrivatBankATM */ = {
			isa = PBXGroup;
			children = (
				A94C46CA230A9B4F0058511E /* AppDelegate.swift */,
				A9790E04230AA6D4004A9794 /* Additional */,
				A9790E03230AA6AA004A9794 /* ViewModel */,
				A9790E02230AA6A5004A9794 /* View */,
				A9790E01230AA69D004A9794 /* Model */,
				A94C46CE230A9B4F0058511E /* Main.storyboard */,
				A94C46D1230A9B560058511E /* Assets.xcassets */,
				A94C46D3230A9B560058511E /* LaunchScreen.storyboard */,
				A94C46D6230A9B560058511E /* Info.plist */,
				A9790E11230AD0AE004A9794 /* privatDataATM.xcdatamodeld */,
			);
			path = PrivatBankATM;
			sourceTree = "<group>";
		};
		A9790E01230AA69D004A9794 /* Model */ = {
			isa = PBXGroup;
			children = (
				A9790E0F230AAF9F004A9794 /* DataATM.swift */,
				A9790E14230AEC75004A9794 /* CDataATM.swift */,
				A9790E16230AF589004A9794 /* StructDecoder.swift */,
			);
			path = Model;
			sourceTree = "<group>";
		};
		A9790E02230AA6A5004A9794 /* View */ = {
			isa = PBXGroup;
			children = (
				A9790E05230AA705004A9794 /* SearchViewController.swift */,
				A9790E0B230AA8E5004A9794 /* Extension-SearchViewController+UISearchBarDelegate.swift */,
				A909923B230BDA1900E7FEDD /* Ext-SearchViewController+TableView.swift */,
				A909923D230BE51800E7FEDD /* SearchTableViewCell.swift */,
				A909923F230BF34000E7FEDD /* Ext-UIActivityIndicatorView.swift */,
				A9099241230BFCB000E7FEDD /* SavedViewController.swift */,
				A9099243230C00CC00E7FEDD /* Ext-SavedViewController+TableView.swift */,
				A9099245230C015E00E7FEDD /* SavedTableViewCell.swift */,
			);
			path = View;
			sourceTree = "<group>";
		};
		A9790E03230AA6AA004A9794 /* ViewModel */ = {
			isa = PBXGroup;
			children = (
				A9790E07230AA775004A9794 /* SearchViewModel.swift */,
			);
			path = ViewModel;
			sourceTree = "<group>";
		};
		A9790E04230AA6D4004A9794 /* Additional */ = {
			isa = PBXGroup;
			children = (
				A9790E09230AA781004A9794 /* Box.swift */,
				A9790E0D230AA9DA004A9794 /* NetworkManager.swift */,
			);
			path = Additional;
			sourceTree = "<group>";
		};
/* End PBXGroup section */

/* Begin PBXNativeTarget section */
		A94C46C6230A9B4F0058511E /* PrivatBankATM */ = {
			isa = PBXNativeTarget;
			buildConfigurationList = A94C46D9230A9B560058511E /* Build configuration list for PBXNativeTarget "PrivatBankATM" */;
			buildPhases = (
				08E33FEDC9C9B4C2A6100338 /* [CP] Check Pods Manifest.lock */,
				A94C46C3230A9B4F0058511E /* Sources */,
				A94C46C4230A9B4F0058511E /* Frameworks */,
				A94C46C5230A9B4F0058511E /* Resources */,
				609C7B7BB7803852A3913772 /* [CP] Embed Pods Frameworks */,
			);
			buildRules = (
			);
			dependencies = (
			);
			name = PrivatBankATM;
			productName = PrivatBankATM;
			productReference = A94C46C7230A9B4F0058511E /* PrivatBankATM.app */;
			productType = "com.apple.product-type.application";
		};
/* End PBXNativeTarget section */

/* Begin PBXProject section */
		A94C46BF230A9B4F0058511E /* Project object */ = {
			isa = PBXProject;
			attributes = {
				LastSwiftUpdateCheck = 1020;
				LastUpgradeCheck = 1020;
				ORGANIZATIONNAME = "Serhii CHORNONOH";
				TargetAttributes = {
					A94C46C6230A9B4F0058511E = {
						CreatedOnToolsVersion = 10.2.1;
					};
				};
			};
			buildConfigurationList = A94C46C2230A9B4F0058511E /* Build configuration list for PBXProject "PrivatBankATM" */;
			compatibilityVersion = "Xcode 9.3";
			developmentRegion = en;
			hasScannedForEncodings = 0;
			knownRegions = (
				en,
				Base,
			);
			mainGroup = A94C46BE230A9B4F0058511E;
			productRefGroup = A94C46C8230A9B4F0058511E /* Products */;
			projectDirPath = "";
			projectRoot = "";
			targets = (
				A94C46C6230A9B4F0058511E /* PrivatBankATM */,
			);
		};
/* End PBXProject section */

/* Begin PBXResourcesBuildPhase section */
		A94C46C5230A9B4F0058511E /* Resources */ = {
			isa = PBXResourcesBuildPhase;
			buildActionMask = 2147483647;
			files = (
				A94C46D5230A9B560058511E /* LaunchScreen.storyboard in Resources */,
				A94C46D2230A9B560058511E /* Assets.xcassets in Resources */,
				A94C46D0230A9B4F0058511E /* Main.storyboard in Resources */,
			);
			runOnlyForDeploymentPostprocessing = 0;
		};
/* End PBXResourcesBuildPhase section */

/* Begin PBXShellScriptBuildPhase section */
		08E33FEDC9C9B4C2A6100338 /* [CP] Check Pods Manifest.lock */ = {
			isa = PBXShellScriptBuildPhase;
			buildActionMask = 2147483647;
			files = (
			);
			inputFileListPaths = (
			);
			inputPaths = (
				"${PODS_PODFILE_DIR_PATH}/Podfile.lock",
				"${PODS_ROOT}/Manifest.lock",
			);
			name = "[CP] Check Pods Manifest.lock";
			outputFileListPaths = (
			);
			outputPaths = (
				"$(DERIVED_FILE_DIR)/Pods-PrivatBankATM-checkManifestLockResult.txt",
			);
			runOnlyForDeploymentPostprocessing = 0;
			shellPath = /bin/sh;
			shellScript = "diff \"${PODS_PODFILE_DIR_PATH}/Podfile.lock\" \"${PODS_ROOT}/Manifest.lock\" > /dev/null\nif [ $? != 0 ] ; then\n    # print error to STDERR\n    echo \"error: The sandbox is not in sync with the Podfile.lock. Run 'pod install' or update your CocoaPods installation.\" >&2\n    exit 1\nfi\n# This output is used by Xcode 'outputs' to avoid re-running this script phase.\necho \"SUCCESS\" > \"${SCRIPT_OUTPUT_FILE_0}\"\n";
			showEnvVarsInLog = 0;
		};
		609C7B7BB7803852A3913772 /* [CP] Embed Pods Frameworks */ = {
			isa = PBXShellScriptBuildPhase;
			buildActionMask = 2147483647;
			files = (
			);
			inputFileListPaths = (
				"${PODS_ROOT}/Target Support Files/Pods-PrivatBankATM/Pods-PrivatBankATM-frameworks-${CONFIGURATION}-input-files.xcfilelist",
			);
			name = "[CP] Embed Pods Frameworks";
			outputFileListPaths = (
				"${PODS_ROOT}/Target Support Files/Pods-PrivatBankATM/Pods-PrivatBankATM-frameworks-${CONFIGURATION}-output-files.xcfilelist",
			);
			runOnlyForDeploymentPostprocessing = 0;
			shellPath = /bin/sh;
			shellScript = "\"${PODS_ROOT}/Target Support Files/Pods-PrivatBankATM/Pods-PrivatBankATM-frameworks.sh\"\n";
			showEnvVarsInLog = 0;
		};
/* End PBXShellScriptBuildPhase section */

/* Begin PBXSourcesBuildPhase section */
		A94C46C3230A9B4F0058511E /* Sources */ = {
			isa = PBXSourcesBuildPhase;
			buildActionMask = 2147483647;
			files = (
				A9099244230C00CC00E7FEDD /* Ext-SavedViewController+TableView.swift in Sources */,
				A9790E0E230AA9DA004A9794 /* NetworkManager.swift in Sources */,
				A9790E08230AA775004A9794 /* SearchViewModel.swift in Sources */,
				A9099242230BFCB000E7FEDD /* SavedViewController.swift in Sources */,
				A9790E0A230AA781004A9794 /* Box.swift in Sources */,
				A9790E06230AA705004A9794 /* SearchViewController.swift in Sources */,
				A9790E15230AEC75004A9794 /* CDataATM.swift in Sources */,
				A9790E17230AF589004A9794 /* StructDecoder.swift in Sources */,
				A9790E13230AD0AE004A9794 /* privatDataATM.xcdatamodeld in Sources */,
				A9099246230C015E00E7FEDD /* SavedTableViewCell.swift in Sources */,
				A94C46CB230A9B4F0058511E /* AppDelegate.swift in Sources */,
				A909923C230BDA1900E7FEDD /* Ext-SearchViewController+TableView.swift in Sources */,
				A909923E230BE51800E7FEDD /* SearchTableViewCell.swift in Sources */,
				A9099240230BF34000E7FEDD /* Ext-UIActivityIndicatorView.swift in Sources */,
				A9790E0C230AA8E5004A9794 /* Extension-SearchViewController+UISearchBarDelegate.swift in Sources */,
				A9790E10230AAF9F004A9794 /* DataATM.swift in Sources */,
			);
			runOnlyForDeploymentPostprocessing = 0;
		};
/* End PBXSourcesBuildPhase section */

/* Begin PBXVariantGroup section */
		A94C46CE230A9B4F0058511E /* Main.storyboard */ = {
			isa = PBXVariantGroup;
			children = (
				A94C46CF230A9B4F0058511E /* Base */,
			);
			name = Main.storyboard;
			sourceTree = "<group>";
		};
		A94C46D3230A9B560058511E /* LaunchScreen.storyboard */ = {
			isa = PBXVariantGroup;
			children = (
				A94C46D4230A9B560058511E /* Base */,
			);
			name = LaunchScreen.storyboard;
			sourceTree = "<group>";
		};
/* End PBXVariantGroup section */

/* Begin XCBuildConfiguration section */
		A94C46D7230A9B560058511E /* Debug */ = {
			isa = XCBuildConfiguration;
			buildSettings = {
				ALWAYS_SEARCH_USER_PATHS = NO;
				CLANG_ANALYZER_NONNULL = YES;
				CLANG_ANALYZER_NUMBER_OBJECT_CONVERSION = YES_AGGRESSIVE;
				CLANG_CXX_LANGUAGE_STANDARD = "gnu++14";
				CLANG_CXX_LIBRARY = "libc++";
				CLANG_ENABLE_MODULES = YES;
				CLANG_ENABLE_OBJC_ARC = YES;
				CLANG_ENABLE_OBJC_WEAK = YES;
				CLANG_WARN_BLOCK_CAPTURE_AUTORELEASING = YES;
				CLANG_WARN_BOOL_CONVERSION = YES;
				CLANG_WARN_COMMA = YES;
				CLANG_WARN_CONSTANT_CONVERSION = YES;
				CLANG_WARN_DEPRECATED_OBJC_IMPLEMENTATIONS = YES;
				CLANG_WARN_DIRECT_OBJC_ISA_USAGE = YES_ERROR;
				CLANG_WARN_DOCUMENTATION_COMMENTS = YES;
				CLANG_WARN_EMPTY_BODY = YES;
				CLANG_WARN_ENUM_CONVERSION = YES;
				CLANG_WARN_INFINITE_RECURSION = YES;
				CLANG_WARN_INT_CONVERSION = YES;
				CLANG_WARN_NON_LITERAL_NULL_CONVERSION = YES;
				CLANG_WARN_OBJC_IMPLICIT_RETAIN_SELF = YES;
				CLANG_WARN_OBJC_LITERAL_CONVERSION = YES;
				CLANG_WARN_OBJC_ROOT_CLASS = YES_ERROR;
				CLANG_WARN_RANGE_LOOP_ANALYSIS = YES;
				CLANG_WARN_STRICT_PROTOTYPES = YES;
				CLANG_WARN_SUSPICIOUS_MOVE = YES;
				CLANG_WARN_UNGUARDED_AVAILABILITY = YES_AGGRESSIVE;
				CLANG_WARN_UNREACHABLE_CODE = YES;
				CLANG_WARN__DUPLICATE_METHOD_MATCH = YES;
				CODE_SIGN_IDENTITY = "iPhone Developer";
				COPY_PHASE_STRIP = NO;
				DEBUG_INFORMATION_FORMAT = dwarf;
				ENABLE_STRICT_OBJC_MSGSEND = YES;
				ENABLE_TESTABILITY = YES;
				GCC_C_LANGUAGE_STANDARD = gnu11;
				GCC_DYNAMIC_NO_PIC = NO;
				GCC_NO_COMMON_BLOCKS = YES;
				GCC_OPTIMIZATION_LEVEL = 0;
				GCC_PREPROCESSOR_DEFINITIONS = (
					"DEBUG=1",
					"$(inherited)",
				);
				GCC_WARN_64_TO_32_BIT_CONVERSION = YES;
				GCC_WARN_ABOUT_RETURN_TYPE = YES_ERROR;
				GCC_WARN_UNDECLARED_SELECTOR = YES;
				GCC_WARN_UNINITIALIZED_AUTOS = YES_AGGRESSIVE;
				GCC_WARN_UNUSED_FUNCTION = YES;
				GCC_WARN_UNUSED_VARIABLE = YES;
				IPHONEOS_DEPLOYMENT_TARGET = 12.2;
				MTL_ENABLE_DEBUG_INFO = INCLUDE_SOURCE;
				MTL_FAST_MATH = YES;
				ONLY_ACTIVE_ARCH = YES;
				SDKROOT = iphoneos;
				SWIFT_ACTIVE_COMPILATION_CONDITIONS = DEBUG;
				SWIFT_OPTIMIZATION_LEVEL = "-Onone";
			};
			name = Debug;
		};
		A94C46D8230A9B560058511E /* Release */ = {
			isa = XCBuildConfiguration;
			buildSettings = {
				ALWAYS_SEARCH_USER_PATHS = NO;
				CLANG_ANALYZER_NONNULL = YES;
				CLANG_ANALYZER_NUMBER_OBJECT_CONVERSION = YES_AGGRESSIVE;
				CLANG_CXX_LANGUAGE_STANDARD = "gnu++14";
				CLANG_CXX_LIBRARY = "libc++";
				CLANG_ENABLE_MODULES = YES;
				CLANG_ENABLE_OBJC_ARC = YES;
				CLANG_ENABLE_OBJC_WEAK = YES;
				CLANG_WARN_BLOCK_CAPTURE_AUTORELEASING = YES;
				CLANG_WARN_BOOL_CONVERSION = YES;
				CLANG_WARN_COMMA = YES;
				CLANG_WARN_CONSTANT_CONVERSION = YES;
				CLANG_WARN_DEPRECATED_OBJC_IMPLEMENTATIONS = YES;
				CLANG_WARN_DIRECT_OBJC_ISA_USAGE = YES_ERROR;
				CLANG_WARN_DOCUMENTATION_COMMENTS = YES;
				CLANG_WARN_EMPTY_BODY = YES;
				CLANG_WARN_ENUM_CONVERSION = YES;
				CLANG_WARN_INFINITE_RECURSION = YES;
				CLANG_WARN_INT_CONVERSION = YES;
				CLANG_WARN_NON_LITERAL_NULL_CONVERSION = YES;
				CLANG_WARN_OBJC_IMPLICIT_RETAIN_SELF = YES;
				CLANG_WARN_OBJC_LITERAL_CONVERSION = YES;
				CLANG_WARN_OBJC_ROOT_CLASS = YES_ERROR;
				CLANG_WARN_RANGE_LOOP_ANALYSIS = YES;
				CLANG_WARN_STRICT_PROTOTYPES = YES;
				CLANG_WARN_SUSPICIOUS_MOVE = YES;
				CLANG_WARN_UNGUARDED_AVAILABILITY = YES_AGGRESSIVE;
				CLANG_WARN_UNREACHABLE_CODE = YES;
				CLANG_WARN__DUPLICATE_METHOD_MATCH = YES;
				CODE_SIGN_IDENTITY = "iPhone Developer";
				COPY_PHASE_STRIP = NO;
				DEBUG_INFORMATION_FORMAT = "dwarf-with-dsym";
				ENABLE_NS_ASSERTIONS = NO;
				ENABLE_STRICT_OBJC_MSGSEND = YES;
				GCC_C_LANGUAGE_STANDARD = gnu11;
				GCC_NO_COMMON_BLOCKS = YES;
				GCC_WARN_64_TO_32_BIT_CONVERSION = YES;
				GCC_WARN_ABOUT_RETURN_TYPE = YES_ERROR;
				GCC_WARN_UNDECLARED_SELECTOR = YES;
				GCC_WARN_UNINITIALIZED_AUTOS = YES_AGGRESSIVE;
				GCC_WARN_UNUSED_FUNCTION = YES;
				GCC_WARN_UNUSED_VARIABLE = YES;
				IPHONEOS_DEPLOYMENT_TARGET = 12.2;
				MTL_ENABLE_DEBUG_INFO = NO;
				MTL_FAST_MATH = YES;
				SDKROOT = iphoneos;
				SWIFT_COMPILATION_MODE = wholemodule;
				SWIFT_OPTIMIZATION_LEVEL = "-O";
				VALIDATE_PRODUCT = YES;
			};
			name = Release;
		};
		A94C46DA230A9B560058511E /* Debug */ = {
			isa = XCBuildConfiguration;
			baseConfigurationReference = 54041DBD9D6F15245286DBEA /* Pods-PrivatBankATM.debug.xcconfig */;
			buildSettings = {
				ASSETCATALOG_COMPILER_APPICON_NAME = AppIcon;
				CODE_SIGN_STYLE = Automatic;
				INFOPLIST_FILE = PrivatBankATM/Info.plist;
				LD_RUNPATH_SEARCH_PATHS = (
					"$(inherited)",
					"@executable_path/Frameworks",
				);
				PRODUCT_BUNDLE_IDENTIFIER = schornon.PrivatBankATM;
				PRODUCT_NAME = "$(TARGET_NAME)";
				SWIFT_VERSION = 5.0;
				TARGETED_DEVICE_FAMILY = "1,2";
			};
			name = Debug;
		};
		A94C46DB230A9B560058511E /* Release */ = {
			isa = XCBuildConfiguration;
			baseConfigurationReference = 275AA290E4DC525E3537B2B6 /* Pods-PrivatBankATM.release.xcconfig */;
			buildSettings = {
				ASSETCATALOG_COMPILER_APPICON_NAME = AppIcon;
				CODE_SIGN_STYLE = Automatic;
				INFOPLIST_FILE = PrivatBankATM/Info.plist;
				LD_RUNPATH_SEARCH_PATHS = (
					"$(inherited)",
					"@executable_path/Frameworks",
				);
				PRODUCT_BUNDLE_IDENTIFIER = schornon.PrivatBankATM;
				PRODUCT_NAME = "$(TARGET_NAME)";
				SWIFT_VERSION = 5.0;
				TARGETED_DEVICE_FAMILY = "1,2";
			};
			name = Release;
		};
/* End XCBuildConfiguration section */

/* Begin XCConfigurationList section */
		A94C46C2230A9B4F0058511E /* Build configuration list for PBXProject "PrivatBankATM" */ = {
			isa = XCConfigurationList;
			buildConfigurations = (
				A94C46D7230A9B560058511E /* Debug */,
				A94C46D8230A9B560058511E /* Release */,
			);
			defaultConfigurationIsVisible = 0;
			defaultConfigurationName = Release;
		};
		A94C46D9230A9B560058511E /* Build configuration list for PBXNativeTarget "PrivatBankATM" */ = {
			isa = XCConfigurationList;
			buildConfigurations = (
				A94C46DA230A9B560058511E /* Debug */,
				A94C46DB230A9B560058511E /* Release */,
			);
			defaultConfigurationIsVisible = 0;
			defaultConfigurationName = Release;
		};
/* End XCConfigurationList section */

/* Begin XCVersionGroup section */
		A9790E11230AD0AE004A9794 /* privatDataATM.xcdatamodeld */ = {
			isa = XCVersionGroup;
			children = (
				A9790E12230AD0AE004A9794 /* privatDataATM.xcdatamodel */,
			);
			currentVersion = A9790E12230AD0AE004A9794 /* privatDataATM.xcdatamodel */;
			path = privatDataATM.xcdatamodeld;
			sourceTree = "<group>";
			versionGroupType = wrapper.xcdatamodel;
		};
/* End XCVersionGroup section */
	};
	rootObject = A94C46BF230A9B4F0058511E /* Project object */;
}
